
Microsoft Visual Studio Solution File, Format Version 12.00
Project("{FAE04EC0-301F-11D3-BF4B-00C04F79EFBC}") = "cuid.net", "src\cuid.net\cuid.net.csproj", "{B4CFC759-2C82-4F49-AAD2-F244725DEEA7}"
EndProject
Project("{FAE04EC0-301F-11D3-BF4B-00C04F79EFBC}") = "cuid.net.tests", "tests\cuid.net.tests\cuid.net.tests.csproj", "{A7660FD5-9354-4E65-A572-CFA3486F4EE8}"
EndProject
Project("{2150E333-8FDC-42A3-9474-1A3956D46DE8}") = "tests", "tests", "{D68C1229-0EB5-4E02-82D2-55B05D12BFFE}"
EndProject
Project("{2150E333-8FDC-42A3-9474-1A3956D46DE8}") = ".github", ".github", "{7039220C-882B-4D44-8B6D-5A691A0A3835}"
	ProjectSection(SolutionItems) = preProject
		.github\dependabot.yml = .github\dependabot.yml
	EndProjectSection
EndProject
Project("{2150E333-8FDC-42A3-9474-1A3956D46DE8}") = "workflows", "workflows", "{7A501B42-B686-42C7-ACAB-82B973106716}"
	ProjectSection(SolutionItems) = preProject
		.github\workflows\ci.yml = .github\workflows\ci.yml
		.github\workflows\release.yml = .github\workflows\release.yml
	EndProjectSection
EndProject
Project("{2150E333-8FDC-42A3-9474-1A3956D46DE8}") = "Solution Items", "Solution Items", "{BB39BE68-CEDF-4BE1-A4DA-0EC0B675688D}"
	ProjectSection(SolutionItems) = preProject
		README.md = README.md
		LICENSE = LICENSE
		GitVersion.yml = GitVersion.yml
		Directory.Build.props = Directory.Build.props
		.gitignore = .gitignore
		global.json = global.json
		.editorconfig = .editorconfig
		nuget.config = nuget.config
		Directory.Packages.props = Directory.Packages.props
	EndProjectSection
EndProject
Global
	GlobalSection(SolutionConfigurationPlatforms) = preSolution
		Debug|Any CPU = Debug|Any CPU
		Release|Any CPU = Release|Any CPU
	EndGlobalSection
	GlobalSection(ProjectConfigurationPlatforms) = postSolution
		{B4CFC759-2C82-4F49-AAD2-F244725DEEA7}.Debug|Any CPU.ActiveCfg = Debug|Any CPU
		{B4CFC759-2C82-4F49-AAD2-F244725DEEA7}.Debug|Any CPU.Build.0 = Debug|Any CPU
		{B4CFC759-2C82-4F49-AAD2-F244725DEEA7}.Release|Any CPU.ActiveCfg = Release|Any CPU
		{B4CFC759-2C82-4F49-AAD2-F244725DEEA7}.Release|Any CPU.Build.0 = Release|Any CPU
		{A7660FD5-9354-4E65-A572-CFA3486F4EE8}.Debug|Any CPU.ActiveCfg = Debug|Any CPU
		{A7660FD5-9354-4E65-A572-CFA3486F4EE8}.Debug|Any CPU.Build.0 = Debug|Any CPU
		{A7660FD5-9354-4E65-A572-CFA3486F4EE8}.Release|Any CPU.ActiveCfg = Release|Any CPU
		{A7660FD5-9354-4E65-A572-CFA3486F4EE8}.Release|Any CPU.Build.0 = Release|Any CPU
	EndGlobalSection
	GlobalSection(NestedProjects) = preSolution
		{A7660FD5-9354-4E65-A572-CFA3486F4EE8} = {D68C1229-0EB5-4E02-82D2-55B05D12BFFE}
		{7A501B42-B686-42C7-ACAB-82B973106716} = {7039220C-882B-4D44-8B6D-5A691A0A3835}
	EndGlobalSection
EndGlobal
