{
  "version": 1,
  "dependencies": {
    "net6.0": {
      "Microsoft.CodeAnalysis.NetAnalyzers": {
        "type": "Direct",
        "requested": "[7.0.0, )",
        "resolved": "7.0.0",
        "contentHash": "Khlc9eqD9Dqn9C483beBm9NvVLF1atZng9AWc6ujeXyw2xdhDaaTKQ3Nq57r2tGMVle/pIvoNs5lCgTkQ0eB4g=="
      }
    }
  }
}