{
  "version": 1,
  "dependencies": {
    "net8.0": {
      "Microsoft.CodeAnalysis.NetAnalyzers": {
        "type": "Direct",
        "requested": "[8.0.0-preview.23472.1, )",
        "resolved": "8.0.0-preview.23472.1",
        "contentHash": "P3pfIHmiAoXpy8N1iEJ/6aO5o5HvjtR1KR8Q8Cex/ZsKfn0L+CWkg6pCkVsrsVdKWUFtT/DePenc7gIJ0vaXfQ=="
      },
      "Microsoft.NET.ILLink.Tasks": {
        "type": "Direct",
        "requested": "[8.0.0, )",
        "resolved": "8.0.0",
        "contentHash": "B3etT5XQ2nlWkZGO2m/ytDYrOmSsQG1XNBaM6ZYlX5Ch/tDrMFadr0/mK6gjZwaQc55g+5+WZMw4Cz3m8VEF7g=="
      },
      "Microsoft.SourceLink.GitHub": {
        "type": "Direct",
        "requested": "[1.1.1, )",
        "resolved": "1.1.1",
        "contentHash": "IaJGnOv/M7UQjRJks7B6p7pbPnOwisYGOIzqCz5ilGFTApZ3ktOR+6zJ12ZRPInulBmdAf1SrGdDG2MU8g6XTw==",
        "dependencies": {
          "Microsoft.Build.Tasks.Git": "1.1.1",
          "Microsoft.SourceLink.Common": "1.1.1"
        }
      },
      "NSec.Cryptography": {
        "type": "Direct",
        "requested": "[22.4.0, )",
        "resolved": "22.4.0",
        "contentHash": "lEntcPYd7h3aZ8xxi/y/4TML7o8w0GEGqd+w4L1omqFLbdCBmhxJAeO2YBmv/fXbJKgKCQLm7+TD4bR605PEUQ==",
        "dependencies": {
          "libsodium": "[1.0.18.2, 1.0.19)"
        }
      },
      "libsodium": {
        "type": "Transitive",
        "resolved": "1.0.18.2",
        "contentHash": "flArHoVdscSzyV8ZdPV+bqqY2TTFlaN+xZf/vIqsmHI51KVcD/mOdUPaK3n/k/wGKz8dppiktXUqSmf3AXFgig=="
      },
      "Microsoft.Build.Tasks.Git": {
        "type": "Transitive",
        "resolved": "1.1.1",
        "contentHash": "AT3HlgTjsqHnWpBHSNeR0KxbLZD7bztlZVj7I8vgeYG9SYqbeFGh0TM/KVtC6fg53nrWHl3VfZFvb5BiQFcY6Q=="
      },
      "Microsoft.SourceLink.Common": {
        "type": "Transitive",
        "resolved": "1.1.1",
        "contentHash": "WMcGpWKrmJmzrNeuaEb23bEMnbtR/vLmvZtkAP5qWu7vQsY59GqfRJd65sFpBszbd2k/bQ8cs8eWawQKAabkVg=="
      }
    }
  }
}