
Microsoft Visual Studio Solution File, Format Version 12.00
Project("{FAE04EC0-301F-11D3-BF4B-00C04F79EFBC}") = "cuid.net", "cuid.net\cuid.net.csproj", "{B4CFC759-2C82-4F49-AAD2-F244725DEEA7}"
EndProject
Project("{FAE04EC0-301F-11D3-BF4B-00C04F79EFBC}") = "cuid.net.tests", "cuid.net.tests\cuid.net.tests.csproj", "{D18C02C4-03F1-4799-9F58-95CE71DA2F84}"
EndProject
Global
	GlobalSection(SolutionConfigurationPlatforms) = preSolution
		Debug|Any CPU = Debug|Any CPU
		Release|Any CPU = Release|Any CPU
	EndGlobalSection
	GlobalSection(ProjectConfigurationPlatforms) = postSolution
		{B4CFC759-2C82-4F49-AAD2-F244725DEEA7}.Debug|Any CPU.ActiveCfg = Debug|Any CPU
		{B4CFC759-2C82-4F49-AAD2-F244725DEEA7}.Debug|Any CPU.Build.0 = Debug|Any CPU
		{B4CFC759-2C82-4F49-AAD2-F244725DEEA7}.Release|Any CPU.ActiveCfg = Release|Any CPU
		{B4CFC759-2C82-4F49-AAD2-F244725DEEA7}.Release|Any CPU.Build.0 = Release|Any CPU
		{D18C02C4-03F1-4799-9F58-95CE71DA2F84}.Debug|Any CPU.ActiveCfg = Debug|Any CPU
		{D18C02C4-03F1-4799-9F58-95CE71DA2F84}.Debug|Any CPU.Build.0 = Debug|Any CPU
		{D18C02C4-03F1-4799-9F58-95CE71DA2F84}.Release|Any CPU.ActiveCfg = Release|Any CPU
		{D18C02C4-03F1-4799-9F58-95CE71DA2F84}.Release|Any CPU.Build.0 = Release|Any CPU
	EndGlobalSection
EndGlobal
